
Microsoft Visual Studio Solution File, Format Version 12.00
# Visual Studio 2012
Project("{FAE04EC0-301F-11D3-BF4B-00C04F79EFBC}") = "SimpleDebtKeeper", "SimpleDebtKeeper\SimpleDebtKeeper.csproj", "{CBA0FBB1-5A37-452D-8375-1DA9A586FD95}"
EndProject
Global
	GlobalSection(SolutionConfigurationPlatforms) = preSolution
		Debug|Any CPU = Debug|Any CPU
		Release|Any CPU = Release|Any CPU
	EndGlobalSection
	GlobalSection(ProjectConfigurationPlatforms) = postSolution
		{CBA0FBB1-5A37-452D-8375-1DA9A586FD95}.Debug|Any CPU.ActiveCfg = Debug|Any CPU
		{CBA0FBB1-5A37-452D-8375-1DA9A586FD95}.Debug|Any CPU.Build.0 = Debug|Any CPU
		{CBA0FBB1-5A37-452D-8375-1DA9A586FD95}.Release|Any CPU.ActiveCfg = Release|Any CPU
		{CBA0FBB1-5A37-452D-8375-1DA9A586FD95}.Release|Any CPU.Build.0 = Release|Any CPU
	EndGlobalSection
	GlobalSection(SolutionProperties) = preSolution
		HideSolutionNode = FALSE
	EndGlobalSection
EndGlobal
